// !$*UTF8*$!
{
	archiveVersion = 1;
	classes = {
	};
	objectVersion = 56;
	objects = {

/* Begin PBXBuildFile section */
		CA4B60E2296AD978008CDC06 /* Assets.xcassets in Resources */ = {isa = PBXBuildFile; fileRef = CA4B60E1296AD978008CDC06 /* Assets.xcassets */; };
		CA4B60F0296ADB66008CDC06 /* MessagePackRPC.swift in Sources */ = {isa = PBXBuildFile; fileRef = CA4B60ED296ADB66008CDC06 /* MessagePackRPC.swift */; };
		CA4B60F1296ADB66008CDC06 /* PhantomVimApp.swift in Sources */ = {isa = PBXBuildFile; fileRef = CA4B60EE296ADB66008CDC06 /* PhantomVimApp.swift */; };
		CA4B60F2296ADB66008CDC06 /* NeoVim.swift in Sources */ = {isa = PBXBuildFile; fileRef = CA4B60EF296ADB66008CDC06 /* NeoVim.swift */; };
		CA4B60F5296ADBE0008CDC06 /* MessagePack in Frameworks */ = {isa = PBXBuildFile; productRef = CA4B60F4296ADBE0008CDC06 /* MessagePack */; };
/* End PBXBuildFile section */

/* Begin PBXFileReference section */
		CA4B60DA296AD978008CDC06 /* PhantomVim.app */ = {isa = PBXFileReference; explicitFileType = wrapper.application; includeInIndex = 0; path = PhantomVim.app; sourceTree = BUILT_PRODUCTS_DIR; };
		CA4B60E1296AD978008CDC06 /* Assets.xcassets */ = {isa = PBXFileReference; lastKnownFileType = folder.assetcatalog; path = Assets.xcassets; sourceTree = "<group>"; };
		CA4B60E6296AD978008CDC06 /* PhantomVim.entitlements */ = {isa = PBXFileReference; lastKnownFileType = text.plist.entitlements; path = PhantomVim.entitlements; sourceTree = "<group>"; };
		CA4B60ED296ADB66008CDC06 /* MessagePackRPC.swift */ = {isa = PBXFileReference; fileEncoding = 4; lastKnownFileType = sourcecode.swift; path = MessagePackRPC.swift; sourceTree = "<group>"; };
		CA4B60EE296ADB66008CDC06 /* PhantomVimApp.swift */ = {isa = PBXFileReference; fileEncoding = 4; lastKnownFileType = sourcecode.swift; path = PhantomVimApp.swift; sourceTree = "<group>"; };
		CA4B60EF296ADB66008CDC06 /* NeoVim.swift */ = {isa = PBXFileReference; fileEncoding = 4; lastKnownFileType = sourcecode.swift; path = NeoVim.swift; sourceTree = "<group>"; };
/* End PBXFileReference section */

/* Begin PBXFrameworksBuildPhase section */
		CA4B60D7296AD978008CDC06 /* Frameworks */ = {
			isa = PBXFrameworksBuildPhase;
			buildActionMask = 2147483647;
			files = (
				CA4B60F5296ADBE0008CDC06 /* MessagePack in Frameworks */,
			);
			runOnlyForDeploymentPostprocessing = 0;
		};
/* End PBXFrameworksBuildPhase section */

/* Begin PBXGroup section */
		CA4B60D1296AD978008CDC06 = {
			isa = PBXGroup;
			children = (
				CA4B60DC296AD978008CDC06 /* PhantomVim */,
				CA4B60DB296AD978008CDC06 /* Products */,
			);
			sourceTree = "<group>";
		};
		CA4B60DB296AD978008CDC06 /* Products */ = {
			isa = PBXGroup;
			children = (
				CA4B60DA296AD978008CDC06 /* PhantomVim.app */,
			);
			name = Products;
			sourceTree = "<group>";
		};
		CA4B60DC296AD978008CDC06 /* PhantomVim */ = {
			isa = PBXGroup;
			children = (
				CA4B60EC296ADB66008CDC06 /* Sources */,
				CA4B60E1296AD978008CDC06 /* Assets.xcassets */,
				CA4B60E6296AD978008CDC06 /* PhantomVim.entitlements */,
			);
			path = PhantomVim;
			sourceTree = "<group>";
		};
		CA4B60EC296ADB66008CDC06 /* Sources */ = {
			isa = PBXGroup;
			children = (
				CA4B60ED296ADB66008CDC06 /* MessagePackRPC.swift */,
				CA4B60EE296ADB66008CDC06 /* PhantomVimApp.swift */,
				CA4B60EF296ADB66008CDC06 /* NeoVim.swift */,
			);
			path = Sources;
			sourceTree = "<group>";
		};
/* End PBXGroup section */

/* Begin PBXNativeTarget section */
		CA4B60D9296AD978008CDC06 /* PhantomVim */ = {
			isa = PBXNativeTarget;
			buildConfigurationList = CA4B60E9296AD978008CDC06 /* Build configuration list for PBXNativeTarget "PhantomVim" */;
			buildPhases = (
				CA4B60D6296AD978008CDC06 /* Sources */,
				CA4B60D7296AD978008CDC06 /* Frameworks */,
				CA4B60D8296AD978008CDC06 /* Resources */,
			);
			buildRules = (
			);
			dependencies = (
			);
			name = PhantomVim;
			packageProductDependencies = (
				CA4B60F4296ADBE0008CDC06 /* MessagePack */,
			);
			productName = PhantomVim;
			productReference = CA4B60DA296AD978008CDC06 /* PhantomVim.app */;
			productType = "com.apple.product-type.application";
		};
/* End PBXNativeTarget section */

/* Begin PBXProject section */
		CA4B60D2296AD978008CDC06 /* Project object */ = {
			isa = PBXProject;
			attributes = {
				BuildIndependentTargetsInParallel = 1;
				LastSwiftUpdateCheck = 1420;
				LastUpgradeCheck = 1420;
				TargetAttributes = {
					CA4B60D9296AD978008CDC06 = {
						CreatedOnToolsVersion = 14.2;
					};
				};
			};
			buildConfigurationList = CA4B60D5296AD978008CDC06 /* Build configuration list for PBXProject "PhantomVim" */;
			compatibilityVersion = "Xcode 14.0";
			developmentRegion = en;
			hasScannedForEncodings = 0;
			knownRegions = (
				en,
				Base,
			);
			mainGroup = CA4B60D1296AD978008CDC06;
			packageReferences = (
				CA4B60F3296ADBE0008CDC06 /* XCRemoteSwiftPackageReference "MessagePack.swift" */,
			);
			productRefGroup = CA4B60DB296AD978008CDC06 /* Products */;
			projectDirPath = "";
			projectRoot = "";
			targets = (
				CA4B60D9296AD978008CDC06 /* PhantomVim */,
			);
		};
/* End PBXProject section */

/* Begin PBXResourcesBuildPhase section */
		CA4B60D8296AD978008CDC06 /* Resources */ = {
			isa = PBXResourcesBuildPhase;
			buildActionMask = 2147483647;
			files = (
				CA4B60E2296AD978008CDC06 /* Assets.xcassets in Resources */,
			);
			runOnlyForDeploymentPostprocessing = 0;
		};
/* End PBXResourcesBuildPhase section */

/* Begin PBXSourcesBuildPhase section */
		CA4B60D6296AD978008CDC06 /* Sources */ = {
			isa = PBXSourcesBuildPhase;
			buildActionMask = 2147483647;
			files = (
				CA4B60F1296ADB66008CDC06 /* PhantomVimApp.swift in Sources */,
				CA4B60F0296ADB66008CDC06 /* MessagePackRPC.swift in Sources */,
				CA4B60F2296ADB66008CDC06 /* NeoVim.swift in Sources */,
			);
			runOnlyForDeploymentPostprocessing = 0;
		};
/* End PBXSourcesBuildPhase section */

/* Begin XCBuildConfiguration section */
		CA4B60E7296AD978008CDC06 /* Debug */ = {
			isa = XCBuildConfiguration;
			buildSettings = {
				ALWAYS_SEARCH_USER_PATHS = NO;
				CLANG_ANALYZER_NONNULL = YES;
				CLANG_ANALYZER_NUMBER_OBJECT_CONVERSION = YES_AGGRESSIVE;
				CLANG_CXX_LANGUAGE_STANDARD = "gnu++20";
				CLANG_ENABLE_MODULES = YES;
				CLANG_ENABLE_OBJC_ARC = YES;
				CLANG_ENABLE_OBJC_WEAK = YES;
				CLANG_WARN_BLOCK_CAPTURE_AUTORELEASING = YES;
				CLANG_WARN_BOOL_CONVERSION = YES;
				CLANG_WARN_COMMA = YES;
				CLANG_WARN_CONSTANT_CONVERSION = YES;
				CLANG_WARN_DEPRECATED_OBJC_IMPLEMENTATIONS = YES;
				CLANG_WARN_DIRECT_OBJC_ISA_USAGE = YES_ERROR;
				CLANG_WARN_DOCUMENTATION_COMMENTS = YES;
				CLANG_WARN_EMPTY_BODY = YES;
				CLANG_WARN_ENUM_CONVERSION = YES;
				CLANG_WARN_INFINITE_RECURSION = YES;
				CLANG_WARN_INT_CONVERSION = YES;
				CLANG_WARN_NON_LITERAL_NULL_CONVERSION = YES;
				CLANG_WARN_OBJC_IMPLICIT_RETAIN_SELF = YES;
				CLANG_WARN_OBJC_LITERAL_CONVERSION = YES;
				CLANG_WARN_OBJC_ROOT_CLASS = YES_ERROR;
				CLANG_WARN_QUOTED_INCLUDE_IN_FRAMEWORK_HEADER = YES;
				CLANG_WARN_RANGE_LOOP_ANALYSIS = YES;
				CLANG_WARN_STRICT_PROTOTYPES = YES;
				CLANG_WARN_SUSPICIOUS_MOVE = YES;
				CLANG_WARN_UNGUARDED_AVAILABILITY = YES_AGGRESSIVE;
				CLANG_WARN_UNREACHABLE_CODE = YES;
				CLANG_WARN__DUPLICATE_METHOD_MATCH = YES;
				COPY_PHASE_STRIP = NO;
				DEBUG_INFORMATION_FORMAT = dwarf;
				ENABLE_STRICT_OBJC_MSGSEND = YES;
				ENABLE_TESTABILITY = YES;
				GCC_C_LANGUAGE_STANDARD = gnu11;
				GCC_DYNAMIC_NO_PIC = NO;
				GCC_NO_COMMON_BLOCKS = YES;
				GCC_OPTIMIZATION_LEVEL = 0;
				GCC_PREPROCESSOR_DEFINITIONS = (
					"DEBUG=1",
					"$(inherited)",
				);
				GCC_WARN_64_TO_32_BIT_CONVERSION = YES;
				GCC_WARN_ABOUT_RETURN_TYPE = YES_ERROR;
				GCC_WARN_UNDECLARED_SELECTOR = YES;
				GCC_WARN_UNINITIALIZED_AUTOS = YES_AGGRESSIVE;
				GCC_WARN_UNUSED_FUNCTION = YES;
				GCC_WARN_UNUSED_VARIABLE = YES;
				MACOSX_DEPLOYMENT_TARGET = 13.1;
				MTL_ENABLE_DEBUG_INFO = INCLUDE_SOURCE;
				MTL_FAST_MATH = YES;
				ONLY_ACTIVE_ARCH = YES;
				SDKROOT = macosx;
				SWIFT_ACTIVE_COMPILATION_CONDITIONS = DEBUG;
				SWIFT_OPTIMIZATION_LEVEL = "-Onone";
			};
			name = Debug;
		};
		CA4B60E8296AD978008CDC06 /* Release */ = {
			isa = XCBuildConfiguration;
			buildSettings = {
				ALWAYS_SEARCH_USER_PATHS = NO;
				CLANG_ANALYZER_NONNULL = YES;
				CLANG_ANALYZER_NUMBER_OBJECT_CONVERSION = YES_AGGRESSIVE;
				CLANG_CXX_LANGUAGE_STANDARD = "gnu++20";
				CLANG_ENABLE_MODULES = YES;
				CLANG_ENABLE_OBJC_ARC = YES;
				CLANG_ENABLE_OBJC_WEAK = YES;
				CLANG_WARN_BLOCK_CAPTURE_AUTORELEASING = YES;
				CLANG_WARN_BOOL_CONVERSION = YES;
				CLANG_WARN_COMMA = YES;
				CLANG_WARN_CONSTANT_CONVERSION = YES;
				CLANG_WARN_DEPRECATED_OBJC_IMPLEMENTATIONS = YES;
				CLANG_WARN_DIRECT_OBJC_ISA_USAGE = YES_ERROR;
				CLANG_WARN_DOCUMENTATION_COMMENTS = YES;
				CLANG_WARN_EMPTY_BODY = YES;
				CLANG_WARN_ENUM_CONVERSION = YES;
				CLANG_WARN_INFINITE_RECURSION = YES;
				CLANG_WARN_INT_CONVERSION = YES;
				CLANG_WARN_NON_LITERAL_NULL_CONVERSION = YES;
				CLANG_WARN_OBJC_IMPLICIT_RETAIN_SELF = YES;
				CLANG_WARN_OBJC_LITERAL_CONVERSION = YES;
				CLANG_WARN_OBJC_ROOT_CLASS = YES_ERROR;
				CLANG_WARN_QUOTED_INCLUDE_IN_FRAMEWORK_HEADER = YES;
				CLANG_WARN_RANGE_LOOP_ANALYSIS = YES;
				CLANG_WARN_STRICT_PROTOTYPES = YES;
				CLANG_WARN_SUSPICIOUS_MOVE = YES;
				CLANG_WARN_UNGUARDED_AVAILABILITY = YES_AGGRESSIVE;
				CLANG_WARN_UNREACHABLE_CODE = YES;
				CLANG_WARN__DUPLICATE_METHOD_MATCH = YES;
				COPY_PHASE_STRIP = NO;
				DEBUG_INFORMATION_FORMAT = "dwarf-with-dsym";
				ENABLE_NS_ASSERTIONS = NO;
				ENABLE_STRICT_OBJC_MSGSEND = YES;
				GCC_C_LANGUAGE_STANDARD = gnu11;
				GCC_NO_COMMON_BLOCKS = YES;
				GCC_WARN_64_TO_32_BIT_CONVERSION = YES;
				GCC_WARN_ABOUT_RETURN_TYPE = YES_ERROR;
				GCC_WARN_UNDECLARED_SELECTOR = YES;
				GCC_WARN_UNINITIALIZED_AUTOS = YES_AGGRESSIVE;
				GCC_WARN_UNUSED_FUNCTION = YES;
				GCC_WARN_UNUSED_VARIABLE = YES;
				MACOSX_DEPLOYMENT_TARGET = 13.1;
				MTL_ENABLE_DEBUG_INFO = NO;
				MTL_FAST_MATH = YES;
				SDKROOT = macosx;
				SWIFT_COMPILATION_MODE = wholemodule;
				SWIFT_OPTIMIZATION_LEVEL = "-O";
			};
			name = Release;
		};
		CA4B60EA296AD978008CDC06 /* Debug */ = {
			isa = XCBuildConfiguration;
			buildSettings = {
				ASSETCATALOG_COMPILER_APPICON_NAME = AppIcon;
				ASSETCATALOG_COMPILER_GLOBAL_ACCENT_COLOR_NAME = AccentColor;
				CODE_SIGN_ENTITLEMENTS = PhantomVim/PhantomVim.entitlements;
				CODE_SIGN_STYLE = Automatic;
				COMBINE_HIDPI_IMAGES = YES;
				CURRENT_PROJECT_VERSION = 1;
				DEVELOPMENT_TEAM = ZUL587S6B4;
				ENABLE_HARDENED_RUNTIME = YES;
				ENABLE_PREVIEWS = YES;
				GENERATE_INFOPLIST_FILE = YES;
				INFOPLIST_KEY_NSHumanReadableCopyright = "";
				LD_RUNPATH_SEARCH_PATHS = (
					"$(inherited)",
					"@executable_path/../Frameworks",
				);
				MARKETING_VERSION = 1.0;
				PRODUCT_BUNDLE_IDENTIFIER = menu.mickael.PhantomVim;
				PRODUCT_NAME = "$(TARGET_NAME)";
				SWIFT_EMIT_LOC_STRINGS = YES;
				SWIFT_VERSION = 5.0;
			};
			name = Debug;
		};
		CA4B60EB296AD978008CDC06 /* Release */ = {
			isa = XCBuildConfiguration;
			buildSettings = {
				ASSETCATALOG_COMPILER_APPICON_NAME = AppIcon;
				ASSETCATALOG_COMPILER_GLOBAL_ACCENT_COLOR_NAME = AccentColor;
				CODE_SIGN_ENTITLEMENTS = PhantomVim/PhantomVim.entitlements;
				CODE_SIGN_STYLE = Automatic;
				COMBINE_HIDPI_IMAGES = YES;
				CURRENT_PROJECT_VERSION = 1;
				DEVELOPMENT_TEAM = ZUL587S6B4;
				ENABLE_HARDENED_RUNTIME = YES;
				ENABLE_PREVIEWS = YES;
				GENERATE_INFOPLIST_FILE = YES;
				INFOPLIST_KEY_NSHumanReadableCopyright = "";
				LD_RUNPATH_SEARCH_PATHS = (
					"$(inherited)",
					"@executable_path/../Frameworks",
				);
				MARKETING_VERSION = 1.0;
				PRODUCT_BUNDLE_IDENTIFIER = menu.mickael.PhantomVim;
				PRODUCT_NAME = "$(TARGET_NAME)";
				SWIFT_EMIT_LOC_STRINGS = YES;
				SWIFT_VERSION = 5.0;
			};
			name = Release;
		};
/* End XCBuildConfiguration section */

/* Begin XCConfigurationList section */
		CA4B60D5296AD978008CDC06 /* Build configuration list for PBXProject "PhantomVim" */ = {
			isa = XCConfigurationList;
			buildConfigurations = (
				CA4B60E7296AD978008CDC06 /* Debug */,
				CA4B60E8296AD978008CDC06 /* Release */,
			);
			defaultConfigurationIsVisible = 0;
			defaultConfigurationName = Release;
		};
		CA4B60E9296AD978008CDC06 /* Build configuration list for PBXNativeTarget "PhantomVim" */ = {
			isa = XCConfigurationList;
			buildConfigurations = (
				CA4B60EA296AD978008CDC06 /* Debug */,
				CA4B60EB296AD978008CDC06 /* Release */,
			);
			defaultConfigurationIsVisible = 0;
			defaultConfigurationName = Release;
		};
/* End XCConfigurationList section */

/* Begin XCRemoteSwiftPackageReference section */
		CA4B60F3296ADBE0008CDC06 /* XCRemoteSwiftPackageReference "MessagePack.swift" */ = {
			isa = XCRemoteSwiftPackageReference;
			repositoryURL = "https://github.com/a2/MessagePack.swift.git";
			requirement = {
				kind = upToNextMajorVersion;
				minimumVersion = 4.0.0;
			};
		};
/* End XCRemoteSwiftPackageReference section */

/* Begin XCSwiftPackageProductDependency section */
		CA4B60F4296ADBE0008CDC06 /* MessagePack */ = {
			isa = XCSwiftPackageProductDependency;
			package = CA4B60F3296ADBE0008CDC06 /* XCRemoteSwiftPackageReference "MessagePack.swift" */;
			productName = MessagePack;
		};
/* End XCSwiftPackageProductDependency section */
	};
	rootObject = CA4B60D2296AD978008CDC06 /* Project object */;
}
